
Microsoft Visual Studio Solution File, Format Version 12.00
# Visual Studio 15
VisualStudioVersion = 15.0.27703.2042
MinimumVisualStudioVersion = 10.0.40219.1
Project("{FAE04EC0-301F-11D3-BF4B-00C04F79EFBC}") = "MultipleChoiceQuiz", "MultipleChoiceQuiz\MultipleChoiceQuiz.csproj", "{28505D94-0FBC-46F7-8A88-838D8DC64C2B}"
EndProject
Global
	GlobalSection(SolutionConfigurationPlatforms) = preSolution
		Debug|Any CPU = Debug|Any CPU
		Release|Any CPU = Release|Any CPU
	EndGlobalSection
	GlobalSection(ProjectConfigurationPlatforms) = postSolution
		{28505D94-0FBC-46F7-8A88-838D8DC64C2B}.Debug|Any CPU.ActiveCfg = Debug|Any CPU
		{28505D94-0FBC-46F7-8A88-838D8DC64C2B}.Debug|Any CPU.Build.0 = Debug|Any CPU
		{28505D94-0FBC-46F7-8A88-838D8DC64C2B}.Release|Any CPU.ActiveCfg = Release|Any CPU
		{28505D94-0FBC-46F7-8A88-838D8DC64C2B}.Release|Any CPU.Build.0 = Release|Any CPU
	EndGlobalSection
	GlobalSection(SolutionProperties) = preSolution
		HideSolutionNode = FALSE
	EndGlobalSection
	GlobalSection(ExtensibilityGlobals) = postSolution
		SolutionGuid = {C846A556-EC89-4DB3-B481-729D53AE53B3}
	EndGlobalSection
EndGlobal
